
Microsoft Visual Studio Solution File, Format Version 12.00
# Visual Studio Version 17
VisualStudioVersion = 17.5.33530.505
MinimumVisualStudioVersion = 10.0.40219.1
Project("{8BC9CEB8-8B4A-11D0-8D11-00A0C91BC942}") = "Array", "Array\Array.vcxproj", "{FA6C424F-442D-4D07-A4F1-467DE2245262}"
EndProject
Project("{8BC9CEB8-8B4A-11D0-8D11-00A0C91BC942}") = "Array_sorting", "Array_sorting\Array_sorting.vcxproj", "{893B3971-91F4-429D-9891-84982AB955CA}"
EndProject
Project("{8BC9CEB8-8B4A-11D0-8D11-00A0C91BC942}") = "Classwork", "Classwork\Classwork.vcxproj", "{0359549F-40C4-4C79-9297-1DED610622E1}"
EndProject
Global
	GlobalSection(SolutionConfigurationPlatforms) = preSolution
		Debug|x64 = Debug|x64
		Debug|x86 = Debug|x86
		Release|x64 = Release|x64
		Release|x86 = Release|x86
	EndGlobalSection
	GlobalSection(ProjectConfigurationPlatforms) = postSolution
		{FA6C424F-442D-4D07-A4F1-467DE2245262}.Debug|x64.ActiveCfg = Debug|x64
		{FA6C424F-442D-4D07-A4F1-467DE2245262}.Debug|x64.Build.0 = Debug|x64
		{FA6C424F-442D-4D07-A4F1-467DE2245262}.Debug|x86.ActiveCfg = Debug|Win32
		{FA6C424F-442D-4D07-A4F1-467DE2245262}.Debug|x86.Build.0 = Debug|Win32
		{FA6C424F-442D-4D07-A4F1-467DE2245262}.Release|x64.ActiveCfg = Release|x64
		{FA6C424F-442D-4D07-A4F1-467DE2245262}.Release|x64.Build.0 = Release|x64
		{FA6C424F-442D-4D07-A4F1-467DE2245262}.Release|x86.ActiveCfg = Release|Win32
		{FA6C424F-442D-4D07-A4F1-467DE2245262}.Release|x86.Build.0 = Release|Win32
		{893B3971-91F4-429D-9891-84982AB955CA}.Debug|x64.ActiveCfg = Debug|x64
		{893B3971-91F4-429D-9891-84982AB955CA}.Debug|x64.Build.0 = Debug|x64
		{893B3971-91F4-429D-9891-84982AB955CA}.Debug|x86.ActiveCfg = Debug|Win32
		{893B3971-91F4-429D-9891-84982AB955CA}.Debug|x86.Build.0 = Debug|Win32
		{893B3971-91F4-429D-9891-84982AB955CA}.Release|x64.ActiveCfg = Release|x64
		{893B3971-91F4-429D-9891-84982AB955CA}.Release|x64.Build.0 = Release|x64
		{893B3971-91F4-429D-9891-84982AB955CA}.Release|x86.ActiveCfg = Release|Win32
		{893B3971-91F4-429D-9891-84982AB955CA}.Release|x86.Build.0 = Release|Win32
		{0359549F-40C4-4C79-9297-1DED610622E1}.Debug|x64.ActiveCfg = Debug|x64
		{0359549F-40C4-4C79-9297-1DED610622E1}.Debug|x64.Build.0 = Debug|x64
		{0359549F-40C4-4C79-9297-1DED610622E1}.Debug|x86.ActiveCfg = Debug|Win32
		{0359549F-40C4-4C79-9297-1DED610622E1}.Debug|x86.Build.0 = Debug|Win32
		{0359549F-40C4-4C79-9297-1DED610622E1}.Release|x64.ActiveCfg = Release|x64
		{0359549F-40C4-4C79-9297-1DED610622E1}.Release|x64.Build.0 = Release|x64
		{0359549F-40C4-4C79-9297-1DED610622E1}.Release|x86.ActiveCfg = Release|Win32
		{0359549F-40C4-4C79-9297-1DED610622E1}.Release|x86.Build.0 = Release|Win32
	EndGlobalSection
	GlobalSection(SolutionProperties) = preSolution
		HideSolutionNode = FALSE
	EndGlobalSection
	GlobalSection(ExtensibilityGlobals) = postSolution
		SolutionGuid = {D9CBB633-23D2-4D99-8086-3D2DA15D91A1}
	EndGlobalSection
EndGlobal
